// !$*UTF8*$!
{
	archiveVersion = 1;
	classes = {
	};
	objectVersion = 50;
	objects = {

/* Begin PBXBuildFile section */
		582FB5742223D17B0051E365 /* ChatFileMessageCell.swift in Sources */ = {isa = PBXBuildFile; fileRef = 582FB5722223D17B0051E365 /* ChatFileMessageCell.swift */; };
		582FB5752223D17B0051E365 /* ChatFileMessageCell.xib in Resources */ = {isa = PBXBuildFile; fileRef = 582FB5732223D17B0051E365 /* ChatFileMessageCell.xib */; };
		5889505822219F96007D2CBF /* ImageCacheLoader.swift in Sources */ = {isa = PBXBuildFile; fileRef = 5889505722219F95007D2CBF /* ImageCacheLoader.swift */; };
		588950BA2221A5DB007D2CBF /* ImageIO.framework in Frameworks */ = {isa = PBXBuildFile; fileRef = 588950B92221A5DB007D2CBF /* ImageIO.framework */; };
		589124BA21B2AC6C003500B5 /* MoreSettingsViewController.swift in Sources */ = {isa = PBXBuildFile; fileRef = 5891249321B2AC6C003500B5 /* MoreSettingsViewController.swift */; };
		589124BB21B2AC6C003500B5 /* RecentNavigationController.swift in Sources */ = {isa = PBXBuildFile; fileRef = 5891249521B2AC6C003500B5 /* RecentNavigationController.swift */; };
		589124BC21B2AC6C003500B5 /* RecentTableViewCell.swift in Sources */ = {isa = PBXBuildFile; fileRef = 5891249621B2AC6C003500B5 /* RecentTableViewCell.swift */; };
		589124BD21B2AC6C003500B5 /* RecentListViewController.swift in Sources */ = {isa = PBXBuildFile; fileRef = 5891249721B2AC6C003500B5 /* RecentListViewController.swift */; };
		589124BE21B2AC6C003500B5 /* StartUpViewController.swift in Sources */ = {isa = PBXBuildFile; fileRef = 5891249921B2AC6C003500B5 /* StartUpViewController.swift */; };
		589124BF21B2AC6C003500B5 /* CCTabbar.swift in Sources */ = {isa = PBXBuildFile; fileRef = 5891249A21B2AC6C003500B5 /* CCTabbar.swift */; };
		589124C021B2AC6C003500B5 /* LoginViewController.swift in Sources */ = {isa = PBXBuildFile; fileRef = 5891249B21B2AC6C003500B5 /* LoginViewController.swift */; };
		589124C121B2AC6C003500B5 /* CustomLaunchViewController.swift in Sources */ = {isa = PBXBuildFile; fileRef = 5891249C21B2AC6C003500B5 /* CustomLaunchViewController.swift */; };
		589124C221B2AC6C003500B5 /* GroupListViewController.swift in Sources */ = {isa = PBXBuildFile; fileRef = 5891249E21B2AC6C003500B5 /* GroupListViewController.swift */; };
		589124C321B2AC6C003500B5 /* CreateGroupcontroller.swift in Sources */ = {isa = PBXBuildFile; fileRef = 5891249F21B2AC6C003500B5 /* CreateGroupcontroller.swift */; };
		589124C421B2AC6C003500B5 /* GroupTableViewCell.swift in Sources */ = {isa = PBXBuildFile; fileRef = 589124A021B2AC6C003500B5 /* GroupTableViewCell.swift */; };
		589124C521B2AC6C003500B5 /* GroupNavigationController.swift in Sources */ = {isa = PBXBuildFile; fileRef = 589124A121B2AC6C003500B5 /* GroupNavigationController.swift */; };
		589124C621B2AC6C003500B5 /* EmbeddedViewController.swift in Sources */ = {isa = PBXBuildFile; fileRef = 589124A321B2AC6C003500B5 /* EmbeddedViewController.swift */; };
		589124C721B2AC6C003500B5 /* OneOnOneTableViewCell.swift in Sources */ = {isa = PBXBuildFile; fileRef = 589124A521B2AC6C003500B5 /* OneOnOneTableViewCell.swift */; };
		589124C821B2AC6C003500B5 /* OneOnOneListViewController.swift in Sources */ = {isa = PBXBuildFile; fileRef = 589124A621B2AC6C003500B5 /* OneOnOneListViewController.swift */; };
		589124C921B2AC6C003500B5 /* ContactsNavigationController.swift in Sources */ = {isa = PBXBuildFile; fileRef = 589124A721B2AC6C003500B5 /* ContactsNavigationController.swift */; };
		589124CA21B2AC6C003500B5 /* CCTabBarController.swift in Sources */ = {isa = PBXBuildFile; fileRef = 589124A921B2AC6C003500B5 /* CCTabBarController.swift */; };
		589124CB21B2AC6C003500B5 /* CCprofileAvtarViewController.swift in Sources */ = {isa = PBXBuildFile; fileRef = 589124AB21B2AC6C003500B5 /* CCprofileAvtarViewController.swift */; };
		589124CC21B2AC6C003500B5 /* AppDelegate.swift in Sources */ = {isa = PBXBuildFile; fileRef = 589124AC21B2AC6C003500B5 /* AppDelegate.swift */; };
		589124CD21B2AC6C003500B5 /* CCBottomSlideController.swift in Sources */ = {isa = PBXBuildFile; fileRef = 589124AE21B2AC6C003500B5 /* CCBottomSlideController.swift */; };
		589124CF21B2AC6C003500B5 /* CCActivityIndicator.swift in Sources */ = {isa = PBXBuildFile; fileRef = 589124B021B2AC6C003500B5 /* CCActivityIndicator.swift */; };
		589124D021B2AC6C003500B5 /* CCExtensions.swift in Sources */ = {isa = PBXBuildFile; fileRef = 589124B121B2AC6C003500B5 /* CCExtensions.swift */; };
		589124D221B2AC6C003500B5 /* LaunchScreen.storyboard in Resources */ = {isa = PBXBuildFile; fileRef = 589124B521B2AC6C003500B5 /* LaunchScreen.storyboard */; };
		589124D321B2AC6C003500B5 /* Main.storyboard in Resources */ = {isa = PBXBuildFile; fileRef = 589124B721B2AC6C003500B5 /* Main.storyboard */; };
		589124DB21B3B2FD003500B5 /* OneOnOneChatViewController.swift in Sources */ = {isa = PBXBuildFile; fileRef = 589124DA21B3B2FD003500B5 /* OneOnOneChatViewController.swift */; };
		58C1D1AC21BBDCF900B64915 /* UserProfileViewController.swift in Sources */ = {isa = PBXBuildFile; fileRef = 58C1D1AB21BBDCF900B64915 /* UserProfileViewController.swift */; };
		58C1D1AE21BBF0D800B64915 /* UserProfileViewCell.swift in Sources */ = {isa = PBXBuildFile; fileRef = 58C1D1AD21BBF0D800B64915 /* UserProfileViewCell.swift */; };
		71ADB0ED21D41217002443A7 /* ChatTextMessageCell.swift in Sources */ = {isa = PBXBuildFile; fileRef = 71ADB0EC21D41216002443A7 /* ChatTextMessageCell.swift */; };
		A8296FB52202F68300D7010C /* Assets.xcassets in Resources */ = {isa = PBXBuildFile; fileRef = A8296FB42202F68300D7010C /* Assets.xcassets */; };
		A83BD0E122071F4500034D54 /* ViewMemberTableViewCell.swift in Sources */ = {isa = PBXBuildFile; fileRef = A83BD0E022071F4500034D54 /* ViewMemberTableViewCell.swift */; };
		A83BD0E522071FBB00034D54 /* ViewMemberViewController.swift in Sources */ = {isa = PBXBuildFile; fileRef = A83BD0E422071FBB00034D54 /* ViewMemberViewController.swift */; };
		B22301C121D1FCEC00483CC7 /* UIAppearance.swift in Sources */ = {isa = PBXBuildFile; fileRef = B22301C021D1FCEC00483CC7 /* UIAppearance.swift */; };
		B22301C421D26B8000483CC7 /* Product Sans Regular.ttf in Resources */ = {isa = PBXBuildFile; fileRef = B22301C221D2659C00483CC7 /* Product Sans Regular.ttf */; };
		B22301C521D26B8300483CC7 /* Product Sans Bold.ttf in Resources */ = {isa = PBXBuildFile; fileRef = B22301C321D265A600483CC7 /* Product Sans Bold.ttf */; };
		B22301C721D271EF00483CC7 /* Product Sans Italic.ttf in Resources */ = {isa = PBXBuildFile; fileRef = B22301C621D271EA00483CC7 /* Product Sans Italic.ttf */; };
		B231764E2225CFCEBCAEB38C /* libPods-CometChatPro-swift-sampleApp.a in Frameworks */ = {isa = PBXBuildFile; fileRef = 8C772843A75386E47A0EFF22 /* libPods-CometChatPro-swift-sampleApp.a */; };
		B23F83A4223BE4B2003978B3 /* PopOverController.swift in Sources */ = {isa = PBXBuildFile; fileRef = B23F83A3223BE4B2003978B3 /* PopOverController.swift */; };
		B260F1E7224CCA9D00CDCDBA /* CometChatLog.swift in Sources */ = {isa = PBXBuildFile; fileRef = B260F1E6224CCA9D00CDCDBA /* CometChatLog.swift */; };
		B270B7102200B0F600A2B3F3 /* Toast.swift in Sources */ = {isa = PBXBuildFile; fileRef = B270B70F2200B0F600A2B3F3 /* Toast.swift */; };
		B2753A3521DD0554004D895F /* CallingViewController.swift in Sources */ = {isa = PBXBuildFile; fileRef = B2753A3421DD0554004D895F /* CallingViewController.swift */; };
		B28A325E222FB3EA00D3FC54 /* ChatActionMessageCell.swift in Sources */ = {isa = PBXBuildFile; fileRef = B28A325C222FB3EA00D3FC54 /* ChatActionMessageCell.swift */; };
		B28A325F222FB3EA00D3FC54 /* ChatActionMessageCell.xib in Resources */ = {isa = PBXBuildFile; fileRef = B28A325D222FB3EA00D3FC54 /* ChatActionMessageCell.xib */; };
		B28B1A7C221ABFBE00F5FD4C /* UIWindow.swift in Sources */ = {isa = PBXBuildFile; fileRef = B28B1A7B221ABFBE00F5FD4C /* UIWindow.swift */; };
		B28B1A7E221AC4B000F5FD4C /* NavigationViewController.swift in Sources */ = {isa = PBXBuildFile; fileRef = B28B1A7D221AC4B000F5FD4C /* NavigationViewController.swift */; };
		B291CDC5221EC2A300462FAC /* ChatImageMessageCell.swift in Sources */ = {isa = PBXBuildFile; fileRef = B291CDC4221EC2A300462FAC /* ChatImageMessageCell.swift */; };
		B291CDC7221EC2AA00462FAC /* ChatVideoMessageCell.swift in Sources */ = {isa = PBXBuildFile; fileRef = B291CDC6221EC2AA00462FAC /* ChatVideoMessageCell.swift */; };
		B291CDCB221EC30400462FAC /* PryntTrimmerView.framework in Frameworks */ = {isa = PBXBuildFile; fileRef = B291CDC8221EC30200462FAC /* PryntTrimmerView.framework */; };
		B291CDCC221EC30400462FAC /* YPImagePicker.framework in Frameworks */ = {isa = PBXBuildFile; fileRef = B291CDC9221EC30400462FAC /* YPImagePicker.framework */; };
		B291CDCD221EC30400462FAC /* Stevia.framework in Frameworks */ = {isa = PBXBuildFile; fileRef = B291CDCA221EC30400462FAC /* Stevia.framework */; };
		B291CDCE221EC31000462FAC /* PryntTrimmerView.framework in Frameworks */ = {isa = PBXBuildFile; fileRef = B291CDC8221EC30200462FAC /* PryntTrimmerView.framework */; };
		B291CDCF221EC31000462FAC /* PryntTrimmerView.framework in Embed Frameworks */ = {isa = PBXBuildFile; fileRef = B291CDC8221EC30200462FAC /* PryntTrimmerView.framework */; settings = {ATTRIBUTES = (CodeSignOnCopy, RemoveHeadersOnCopy, ); }; };
		B291CDD0221EC31000462FAC /* Stevia.framework in Frameworks */ = {isa = PBXBuildFile; fileRef = B291CDCA221EC30400462FAC /* Stevia.framework */; };
		B291CDD1221EC31000462FAC /* Stevia.framework in Embed Frameworks */ = {isa = PBXBuildFile; fileRef = B291CDCA221EC30400462FAC /* Stevia.framework */; settings = {ATTRIBUTES = (CodeSignOnCopy, RemoveHeadersOnCopy, ); }; };
		B291CDD2221EC31000462FAC /* YPImagePicker.framework in Frameworks */ = {isa = PBXBuildFile; fileRef = B291CDC9221EC30400462FAC /* YPImagePicker.framework */; };
		B291CDD3221EC31000462FAC /* YPImagePicker.framework in Embed Frameworks */ = {isa = PBXBuildFile; fileRef = B291CDC9221EC30400462FAC /* YPImagePicker.framework */; settings = {ATTRIBUTES = (CodeSignOnCopy, RemoveHeadersOnCopy, ); }; };
		B2BB032721DF374500B2479D /* MoreSettingTableViewCell.swift in Sources */ = {isa = PBXBuildFile; fileRef = B2BB032621DF374500B2479D /* MoreSettingTableViewCell.swift */; };
		B2CD3E8F224A255700135D4F /* AMShimmer.swift in Sources */ = {isa = PBXBuildFile; fileRef = B2CD3E8E224A255600135D4F /* AMShimmer.swift */; };
		B2E1101E2226CA1C00FFF7BD /* GoogleService-Info.plist in Resources */ = {isa = PBXBuildFile; fileRef = B2E1101D2226CA1B00FFF7BD /* GoogleService-Info.plist */; };
		B2FB0F0C21EC880C00CEDD4A /* CometChat-info.plist in Resources */ = {isa = PBXBuildFile; fileRef = B2FB0F0B21EC880C00CEDD4A /* CometChat-info.plist */; };
/* End PBXBuildFile section */

/* Begin PBXCopyFilesBuildPhase section */
		B28990F021BAC96F002C885E /* Embed Frameworks */ = {
			isa = PBXCopyFilesBuildPhase;
			buildActionMask = 2147483647;
			dstPath = "";
			dstSubfolderSpec = 10;
			files = (
				B291CDD1221EC31000462FAC /* Stevia.framework in Embed Frameworks */,
				B291CDD3221EC31000462FAC /* YPImagePicker.framework in Embed Frameworks */,
				B291CDCF221EC31000462FAC /* PryntTrimmerView.framework in Embed Frameworks */,
			);
			name = "Embed Frameworks";
			runOnlyForDeploymentPostprocessing = 0;
		};
/* End PBXCopyFilesBuildPhase section */

/* Begin PBXFileReference section */
		41608623357BC812271BA9CF /* Pods-CometChatPro-swift-sampleApp.release.xcconfig */ = {isa = PBXFileReference; includeInIndex = 1; lastKnownFileType = text.xcconfig; name = "Pods-CometChatPro-swift-sampleApp.release.xcconfig"; path = "Target Support Files/Pods-CometChatPro-swift-sampleApp/Pods-CometChatPro-swift-sampleApp.release.xcconfig"; sourceTree = "<group>"; };
		582FB5722223D17B0051E365 /* ChatFileMessageCell.swift */ = {isa = PBXFileReference; lastKnownFileType = sourcecode.swift; path = ChatFileMessageCell.swift; sourceTree = "<group>"; };
		582FB5732223D17B0051E365 /* ChatFileMessageCell.xib */ = {isa = PBXFileReference; lastKnownFileType = file.xib; path = ChatFileMessageCell.xib; sourceTree = "<group>"; };
		584900AC21B2AA7C009BB669 /* Info.plist */ = {isa = PBXFileReference; lastKnownFileType = text.plist.xml; path = Info.plist; sourceTree = "<group>"; };
		5866BC0A2223F8D000E6AE43 /* CometChatPro-swift-sampleApp.entitlements */ = {isa = PBXFileReference; lastKnownFileType = text.plist.entitlements; path = "CometChatPro-swift-sampleApp.entitlements"; sourceTree = "<group>"; };
		5889505722219F95007D2CBF /* ImageCacheLoader.swift */ = {isa = PBXFileReference; lastKnownFileType = sourcecode.swift; path = ImageCacheLoader.swift; sourceTree = "<group>"; };
		588950B92221A5DB007D2CBF /* ImageIO.framework */ = {isa = PBXFileReference; lastKnownFileType = wrapper.framework; name = ImageIO.framework; path = System/Library/Frameworks/ImageIO.framework; sourceTree = SDKROOT; };
		5891249321B2AC6C003500B5 /* MoreSettingsViewController.swift */ = {isa = PBXFileReference; fileEncoding = 4; lastKnownFileType = sourcecode.swift; path = MoreSettingsViewController.swift; sourceTree = "<group>"; };
		5891249521B2AC6C003500B5 /* RecentNavigationController.swift */ = {isa = PBXFileReference; fileEncoding = 4; lastKnownFileType = sourcecode.swift; path = RecentNavigationController.swift; sourceTree = "<group>"; };
		5891249621B2AC6C003500B5 /* RecentTableViewCell.swift */ = {isa = PBXFileReference; fileEncoding = 4; lastKnownFileType = sourcecode.swift; path = RecentTableViewCell.swift; sourceTree = "<group>"; };
		5891249721B2AC6C003500B5 /* RecentListViewController.swift */ = {isa = PBXFileReference; fileEncoding = 4; lastKnownFileType = sourcecode.swift; path = RecentListViewController.swift; sourceTree = "<group>"; };
		5891249921B2AC6C003500B5 /* StartUpViewController.swift */ = {isa = PBXFileReference; fileEncoding = 4; lastKnownFileType = sourcecode.swift; path = StartUpViewController.swift; sourceTree = "<group>"; };
		5891249A21B2AC6C003500B5 /* CCTabbar.swift */ = {isa = PBXFileReference; fileEncoding = 4; lastKnownFileType = sourcecode.swift; path = CCTabbar.swift; sourceTree = "<group>"; };
		5891249B21B2AC6C003500B5 /* LoginViewController.swift */ = {isa = PBXFileReference; fileEncoding = 4; lastKnownFileType = sourcecode.swift; path = LoginViewController.swift; sourceTree = "<group>"; };
		5891249C21B2AC6C003500B5 /* CustomLaunchViewController.swift */ = {isa = PBXFileReference; fileEncoding = 4; lastKnownFileType = sourcecode.swift; path = CustomLaunchViewController.swift; sourceTree = "<group>"; };
		5891249E21B2AC6C003500B5 /* GroupListViewController.swift */ = {isa = PBXFileReference; fileEncoding = 4; lastKnownFileType = sourcecode.swift; path = GroupListViewController.swift; sourceTree = "<group>"; };
		5891249F21B2AC6C003500B5 /* CreateGroupcontroller.swift */ = {isa = PBXFileReference; fileEncoding = 4; lastKnownFileType = sourcecode.swift; path = CreateGroupcontroller.swift; sourceTree = "<group>"; };
		589124A021B2AC6C003500B5 /* GroupTableViewCell.swift */ = {isa = PBXFileReference; fileEncoding = 4; lastKnownFileType = sourcecode.swift; path = GroupTableViewCell.swift; sourceTree = "<group>"; };
		589124A121B2AC6C003500B5 /* GroupNavigationController.swift */ = {isa = PBXFileReference; fileEncoding = 4; lastKnownFileType = sourcecode.swift; path = GroupNavigationController.swift; sourceTree = "<group>"; };
		589124A321B2AC6C003500B5 /* EmbeddedViewController.swift */ = {isa = PBXFileReference; fileEncoding = 4; lastKnownFileType = sourcecode.swift; path = EmbeddedViewController.swift; sourceTree = "<group>"; };
		589124A521B2AC6C003500B5 /* OneOnOneTableViewCell.swift */ = {isa = PBXFileReference; fileEncoding = 4; lastKnownFileType = sourcecode.swift; path = OneOnOneTableViewCell.swift; sourceTree = "<group>"; };
		589124A621B2AC6C003500B5 /* OneOnOneListViewController.swift */ = {isa = PBXFileReference; fileEncoding = 4; lastKnownFileType = sourcecode.swift; path = OneOnOneListViewController.swift; sourceTree = "<group>"; };
		589124A721B2AC6C003500B5 /* ContactsNavigationController.swift */ = {isa = PBXFileReference; fileEncoding = 4; lastKnownFileType = sourcecode.swift; path = ContactsNavigationController.swift; sourceTree = "<group>"; };
		589124A921B2AC6C003500B5 /* CCTabBarController.swift */ = {isa = PBXFileReference; fileEncoding = 4; lastKnownFileType = sourcecode.swift; path = CCTabBarController.swift; sourceTree = "<group>"; };
		589124AB21B2AC6C003500B5 /* CCprofileAvtarViewController.swift */ = {isa = PBXFileReference; fileEncoding = 4; lastKnownFileType = sourcecode.swift; path = CCprofileAvtarViewController.swift; sourceTree = "<group>"; };
		589124AC21B2AC6C003500B5 /* AppDelegate.swift */ = {isa = PBXFileReference; fileEncoding = 4; lastKnownFileType = sourcecode.swift; path = AppDelegate.swift; sourceTree = "<group>"; };
		589124AE21B2AC6C003500B5 /* CCBottomSlideController.swift */ = {isa = PBXFileReference; fileEncoding = 4; lastKnownFileType = sourcecode.swift; path = CCBottomSlideController.swift; sourceTree = "<group>"; };
		589124B021B2AC6C003500B5 /* CCActivityIndicator.swift */ = {isa = PBXFileReference; fileEncoding = 4; lastKnownFileType = sourcecode.swift; path = CCActivityIndicator.swift; sourceTree = "<group>"; };
		589124B121B2AC6C003500B5 /* CCExtensions.swift */ = {isa = PBXFileReference; fileEncoding = 4; lastKnownFileType = sourcecode.swift; path = CCExtensions.swift; sourceTree = "<group>"; };
		589124B621B2AC6C003500B5 /* Base */ = {isa = PBXFileReference; lastKnownFileType = file.storyboard; name = Base; path = Base.lproj/LaunchScreen.storyboard; sourceTree = "<group>"; };
		589124B821B2AC6C003500B5 /* Base */ = {isa = PBXFileReference; lastKnownFileType = file.storyboard; name = Base; path = Base.lproj/Main.storyboard; sourceTree = "<group>"; };
		589124DA21B3B2FD003500B5 /* OneOnOneChatViewController.swift */ = {isa = PBXFileReference; lastKnownFileType = sourcecode.swift; path = OneOnOneChatViewController.swift; sourceTree = "<group>"; };
		58A081A22221DA32001C70A5 /* CometChatPro-Bridging-Header.h */ = {isa = PBXFileReference; lastKnownFileType = sourcecode.c.h; path = "CometChatPro-Bridging-Header.h"; sourceTree = "<group>"; };
		58C1D1AB21BBDCF900B64915 /* UserProfileViewController.swift */ = {isa = PBXFileReference; lastKnownFileType = sourcecode.swift; path = UserProfileViewController.swift; sourceTree = "<group>"; };
		58C1D1AD21BBF0D800B64915 /* UserProfileViewCell.swift */ = {isa = PBXFileReference; lastKnownFileType = sourcecode.swift; path = UserProfileViewCell.swift; sourceTree = "<group>"; };
		71ADB0EC21D41216002443A7 /* ChatTextMessageCell.swift */ = {isa = PBXFileReference; lastKnownFileType = sourcecode.swift; path = ChatTextMessageCell.swift; sourceTree = "<group>"; };
		8C772843A75386E47A0EFF22 /* libPods-CometChatPro-swift-sampleApp.a */ = {isa = PBXFileReference; explicitFileType = archive.ar; includeInIndex = 0; path = "libPods-CometChatPro-swift-sampleApp.a"; sourceTree = BUILT_PRODUCTS_DIR; };
		A8296FB42202F68300D7010C /* Assets.xcassets */ = {isa = PBXFileReference; lastKnownFileType = folder.assetcatalog; path = Assets.xcassets; sourceTree = "<group>"; };
		A83BD0E022071F4500034D54 /* ViewMemberTableViewCell.swift */ = {isa = PBXFileReference; lastKnownFileType = sourcecode.swift; path = ViewMemberTableViewCell.swift; sourceTree = "<group>"; };
		A83BD0E422071FBB00034D54 /* ViewMemberViewController.swift */ = {isa = PBXFileReference; lastKnownFileType = sourcecode.swift; path = ViewMemberViewController.swift; sourceTree = "<group>"; };
		B22301C021D1FCEC00483CC7 /* UIAppearance.swift */ = {isa = PBXFileReference; lastKnownFileType = sourcecode.swift; path = UIAppearance.swift; sourceTree = "<group>"; };
		B22301C221D2659C00483CC7 /* Product Sans Regular.ttf */ = {isa = PBXFileReference; lastKnownFileType = file; path = "Product Sans Regular.ttf"; sourceTree = "<group>"; };
		B22301C321D265A600483CC7 /* Product Sans Bold.ttf */ = {isa = PBXFileReference; lastKnownFileType = file; path = "Product Sans Bold.ttf"; sourceTree = "<group>"; };
		B22301C621D271EA00483CC7 /* Product Sans Italic.ttf */ = {isa = PBXFileReference; lastKnownFileType = file; path = "Product Sans Italic.ttf"; sourceTree = "<group>"; };
		B23F83A3223BE4B2003978B3 /* PopOverController.swift */ = {isa = PBXFileReference; lastKnownFileType = sourcecode.swift; path = PopOverController.swift; sourceTree = "<group>"; };
		B260F1E6224CCA9D00CDCDBA /* CometChatLog.swift */ = {isa = PBXFileReference; lastKnownFileType = sourcecode.swift; path = CometChatLog.swift; sourceTree = "<group>"; };
		B270B70F2200B0F600A2B3F3 /* Toast.swift */ = {isa = PBXFileReference; fileEncoding = 4; lastKnownFileType = sourcecode.swift; path = Toast.swift; sourceTree = "<group>"; };
		B2753A3421DD0554004D895F /* CallingViewController.swift */ = {isa = PBXFileReference; lastKnownFileType = sourcecode.swift; path = CallingViewController.swift; sourceTree = "<group>"; };
		B28A325C222FB3EA00D3FC54 /* ChatActionMessageCell.swift */ = {isa = PBXFileReference; lastKnownFileType = sourcecode.swift; path = ChatActionMessageCell.swift; sourceTree = "<group>"; };
		B28A325D222FB3EA00D3FC54 /* ChatActionMessageCell.xib */ = {isa = PBXFileReference; lastKnownFileType = file.xib; path = ChatActionMessageCell.xib; sourceTree = "<group>"; };
		B28B1A7B221ABFBE00F5FD4C /* UIWindow.swift */ = {isa = PBXFileReference; lastKnownFileType = sourcecode.swift; path = UIWindow.swift; sourceTree = "<group>"; };
		B28B1A7D221AC4B000F5FD4C /* NavigationViewController.swift */ = {isa = PBXFileReference; lastKnownFileType = sourcecode.swift; path = NavigationViewController.swift; sourceTree = "<group>"; };
		B291CDC4221EC2A300462FAC /* ChatImageMessageCell.swift */ = {isa = PBXFileReference; fileEncoding = 4; lastKnownFileType = sourcecode.swift; path = ChatImageMessageCell.swift; sourceTree = "<group>"; };
		B291CDC6221EC2AA00462FAC /* ChatVideoMessageCell.swift */ = {isa = PBXFileReference; fileEncoding = 4; lastKnownFileType = sourcecode.swift; path = ChatVideoMessageCell.swift; sourceTree = "<group>"; };
		B291CDC8221EC30200462FAC /* PryntTrimmerView.framework */ = {isa = PBXFileReference; lastKnownFileType = wrapper.framework; path = PryntTrimmerView.framework; sourceTree = "<group>"; };
		B291CDC9221EC30400462FAC /* YPImagePicker.framework */ = {isa = PBXFileReference; lastKnownFileType = wrapper.framework; path = YPImagePicker.framework; sourceTree = "<group>"; };
		B291CDCA221EC30400462FAC /* Stevia.framework */ = {isa = PBXFileReference; lastKnownFileType = wrapper.framework; path = Stevia.framework; sourceTree = "<group>"; };
		B2BB032621DF374500B2479D /* MoreSettingTableViewCell.swift */ = {isa = PBXFileReference; lastKnownFileType = sourcecode.swift; path = MoreSettingTableViewCell.swift; sourceTree = "<group>"; };
		B2BC6095219DACF9002C24D3 /* CometChatPro-swift-sampleApp.app */ = {isa = PBXFileReference; explicitFileType = wrapper.application; includeInIndex = 0; path = "CometChatPro-swift-sampleApp.app"; sourceTree = BUILT_PRODUCTS_DIR; };
		B2CD3E8E224A255600135D4F /* AMShimmer.swift */ = {isa = PBXFileReference; lastKnownFileType = sourcecode.swift; path = AMShimmer.swift; sourceTree = "<group>"; };
		B2E1101D2226CA1B00FFF7BD /* GoogleService-Info.plist */ = {isa = PBXFileReference; fileEncoding = 4; lastKnownFileType = text.plist.xml; path = "GoogleService-Info.plist"; sourceTree = "<group>"; };
		B2FB0F0B21EC880C00CEDD4A /* CometChat-info.plist */ = {isa = PBXFileReference; lastKnownFileType = text.plist.xml; path = "CometChat-info.plist"; sourceTree = "<group>"; };
		C5B9E6B9A7597EF8A6D41C02 /* Pods-CometChatPro-swift-sampleApp.debug.xcconfig */ = {isa = PBXFileReference; includeInIndex = 1; lastKnownFileType = text.xcconfig; name = "Pods-CometChatPro-swift-sampleApp.debug.xcconfig"; path = "Target Support Files/Pods-CometChatPro-swift-sampleApp/Pods-CometChatPro-swift-sampleApp.debug.xcconfig"; sourceTree = "<group>"; };
/* End PBXFileReference section */

/* Begin PBXFrameworksBuildPhase section */
		B2BC6092219DACF9002C24D3 /* Frameworks */ = {
			isa = PBXFrameworksBuildPhase;
			buildActionMask = 2147483647;
			files = (
				588950BA2221A5DB007D2CBF /* ImageIO.framework in Frameworks */,
				B291CDCE221EC31000462FAC /* PryntTrimmerView.framework in Frameworks */,
				B291CDD0221EC31000462FAC /* Stevia.framework in Frameworks */,
				B291CDCD221EC30400462FAC /* Stevia.framework in Frameworks */,
				B291CDCC221EC30400462FAC /* YPImagePicker.framework in Frameworks */,
				B291CDD2221EC31000462FAC /* YPImagePicker.framework in Frameworks */,
				B291CDCB221EC30400462FAC /* PryntTrimmerView.framework in Frameworks */,
				B231764E2225CFCEBCAEB38C /* libPods-CometChatPro-swift-sampleApp.a in Frameworks */,
			);
			runOnlyForDeploymentPostprocessing = 0;
		};
/* End PBXFrameworksBuildPhase section */

/* Begin PBXGroup section */
		5891248E21B2AC6C003500B5 /* CometChatPro-swift-sampleApp */ = {
			isa = PBXGroup;
			children = (
				5866BC0A2223F8D000E6AE43 /* CometChatPro-swift-sampleApp.entitlements */,
				589124AC21B2AC6C003500B5 /* AppDelegate.swift */,
				B22301C021D1FCEC00483CC7 /* UIAppearance.swift */,
				B2FB0F0B21EC880C00CEDD4A /* CometChat-info.plist */,
				B2E1101D2226CA1B00FFF7BD /* GoogleService-Info.plist */,
				B260F1E5224CCA8A00CDCDBA /* Modal */,
				589124B421B2AC6C003500B5 /* View */,
				5891249121B2AC6C003500B5 /* Controller */,
				5891248F21B2AC6C003500B5 /* Resources */,
				589124AD21B2AC6C003500B5 /* Extensions */,
			);
			path = "CometChatPro-swift-sampleApp";
			sourceTree = "<group>";
		};
		5891248F21B2AC6C003500B5 /* Resources */ = {
			isa = PBXGroup;
			children = (
				58A081A22221DA32001C70A5 /* CometChatPro-Bridging-Header.h */,
				A8296FB42202F68300D7010C /* Assets.xcassets */,
				B22301C221D2659C00483CC7 /* Product Sans Regular.ttf */,
				B22301C321D265A600483CC7 /* Product Sans Bold.ttf */,
				B22301C621D271EA00483CC7 /* Product Sans Italic.ttf */,
			);
			path = Resources;
			sourceTree = "<group>";
		};
		5891249121B2AC6C003500B5 /* Controller */ = {
			isa = PBXGroup;
			children = (
				5891249221B2AC6C003500B5 /* CCMoreSettingsVC */,
				5891249421B2AC6C003500B5 /* CCRecentVC */,
				5891249821B2AC6C003500B5 /* CCLoginVC */,
				5891249D21B2AC6C003500B5 /* CCGroupVC */,
				589124A221B2AC6C003500B5 /* CCEmbeddedVC */,
				589124A421B2AC6C003500B5 /* CCContactVC */,
				589124A821B2AC6C003500B5 /* CCTabBarVC */,
				589124AA21B2AC6C003500B5 /* CCProfileVC */,
				B2753A3121DD04B5004D895F /* CallingVC */,
			);
			path = Controller;
			sourceTree = "<group>";
		};
		5891249221B2AC6C003500B5 /* CCMoreSettingsVC */ = {
			isa = PBXGroup;
			children = (
				5891249321B2AC6C003500B5 /* MoreSettingsViewController.swift */,
				B2BB032621DF374500B2479D /* MoreSettingTableViewCell.swift */,
				B23F83A3223BE4B2003978B3 /* PopOverController.swift */,
			);
			path = CCMoreSettingsVC;
			sourceTree = "<group>";
		};
		5891249421B2AC6C003500B5 /* CCRecentVC */ = {
			isa = PBXGroup;
			children = (
				5891249521B2AC6C003500B5 /* RecentNavigationController.swift */,
				5891249621B2AC6C003500B5 /* RecentTableViewCell.swift */,
				5891249721B2AC6C003500B5 /* RecentListViewController.swift */,
			);
			path = CCRecentVC;
			sourceTree = "<group>";
		};
		5891249821B2AC6C003500B5 /* CCLoginVC */ = {
			isa = PBXGroup;
			children = (
				5891249921B2AC6C003500B5 /* StartUpViewController.swift */,
				5891249A21B2AC6C003500B5 /* CCTabbar.swift */,
				5891249B21B2AC6C003500B5 /* LoginViewController.swift */,
				5891249C21B2AC6C003500B5 /* CustomLaunchViewController.swift */,
			);
			path = CCLoginVC;
			sourceTree = "<group>";
		};
		5891249D21B2AC6C003500B5 /* CCGroupVC */ = {
			isa = PBXGroup;
			children = (
				5891249E21B2AC6C003500B5 /* GroupListViewController.swift */,
				5891249F21B2AC6C003500B5 /* CreateGroupcontroller.swift */,
				589124A021B2AC6C003500B5 /* GroupTableViewCell.swift */,
				589124A121B2AC6C003500B5 /* GroupNavigationController.swift */,
				A83BD0E022071F4500034D54 /* ViewMemberTableViewCell.swift */,
				A83BD0E422071FBB00034D54 /* ViewMemberViewController.swift */,
			);
			path = CCGroupVC;
			sourceTree = "<group>";
		};
		589124A221B2AC6C003500B5 /* CCEmbeddedVC */ = {
			isa = PBXGroup;
			children = (
				589124A321B2AC6C003500B5 /* EmbeddedViewController.swift */,
				B28B1A7D221AC4B000F5FD4C /* NavigationViewController.swift */,
			);
			path = CCEmbeddedVC;
			sourceTree = "<group>";
		};
		589124A421B2AC6C003500B5 /* CCContactVC */ = {
			isa = PBXGroup;
			children = (
				589124A521B2AC6C003500B5 /* OneOnOneTableViewCell.swift */,
				589124A621B2AC6C003500B5 /* OneOnOneListViewController.swift */,
				589124DA21B3B2FD003500B5 /* OneOnOneChatViewController.swift */,
				589124A721B2AC6C003500B5 /* ContactsNavigationController.swift */,
			);
			path = CCContactVC;
			sourceTree = "<group>";
		};
		589124A821B2AC6C003500B5 /* CCTabBarVC */ = {
			isa = PBXGroup;
			children = (
				589124A921B2AC6C003500B5 /* CCTabBarController.swift */,
			);
			path = CCTabBarVC;
			sourceTree = "<group>";
		};
		589124AA21B2AC6C003500B5 /* CCProfileVC */ = {
			isa = PBXGroup;
			children = (
				589124AB21B2AC6C003500B5 /* CCprofileAvtarViewController.swift */,
				58C1D1AB21BBDCF900B64915 /* UserProfileViewController.swift */,
				58C1D1AD21BBF0D800B64915 /* UserProfileViewCell.swift */,
			);
			path = CCProfileVC;
			sourceTree = "<group>";
		};
		589124AD21B2AC6C003500B5 /* Extensions */ = {
			isa = PBXGroup;
			children = (
				B2CD3E8E224A255600135D4F /* AMShimmer.swift */,
				B270B70F2200B0F600A2B3F3 /* Toast.swift */,
				589124AE21B2AC6C003500B5 /* CCBottomSlideController.swift */,
				589124B021B2AC6C003500B5 /* CCActivityIndicator.swift */,
				589124B121B2AC6C003500B5 /* CCExtensions.swift */,
				B28B1A7B221ABFBE00F5FD4C /* UIWindow.swift */,
				B291CDC8221EC30200462FAC /* PryntTrimmerView.framework */,
				B291CDCA221EC30400462FAC /* Stevia.framework */,
				B291CDC9221EC30400462FAC /* YPImagePicker.framework */,
				5889505722219F95007D2CBF /* ImageCacheLoader.swift */,
			);
			path = Extensions;
			sourceTree = "<group>";
		};
		589124B421B2AC6C003500B5 /* View */ = {
			isa = PBXGroup;
			children = (
				589124B521B2AC6C003500B5 /* LaunchScreen.storyboard */,
				589124B721B2AC6C003500B5 /* Main.storyboard */,
				71ADB0EC21D41216002443A7 /* ChatTextMessageCell.swift */,
				B291CDC4221EC2A300462FAC /* ChatImageMessageCell.swift */,
				B291CDC6221EC2AA00462FAC /* ChatVideoMessageCell.swift */,
				582FB5722223D17B0051E365 /* ChatFileMessageCell.swift */,
				582FB5732223D17B0051E365 /* ChatFileMessageCell.xib */,
				B28A325C222FB3EA00D3FC54 /* ChatActionMessageCell.swift */,
				B28A325D222FB3EA00D3FC54 /* ChatActionMessageCell.xib */,
			);
			path = View;
			sourceTree = "<group>";
		};
		79709A7C2871203881749358 /* Pods */ = {
			isa = PBXGroup;
			children = (
				C5B9E6B9A7597EF8A6D41C02 /* Pods-CometChatPro-swift-sampleApp.debug.xcconfig */,
				41608623357BC812271BA9CF /* Pods-CometChatPro-swift-sampleApp.release.xcconfig */,
			);
			path = Pods;
			sourceTree = "<group>";
		};
		B260F1E5224CCA8A00CDCDBA /* Modal */ = {
			isa = PBXGroup;
			children = (
				B260F1E6224CCA9D00CDCDBA /* CometChatLog.swift */,
			);
			path = Modal;
			sourceTree = "<group>";
		};
		B2753A3121DD04B5004D895F /* CallingVC */ = {
			isa = PBXGroup;
			children = (
				B2753A3421DD0554004D895F /* CallingViewController.swift */,
			);
			path = CallingVC;
			sourceTree = "<group>";
		};
		B2BC608C219DACF9002C24D3 = {
			isa = PBXGroup;
			children = (
				5891248E21B2AC6C003500B5 /* CometChatPro-swift-sampleApp */,
				584900AC21B2AA7C009BB669 /* Info.plist */,
				B2BC6096219DACF9002C24D3 /* Products */,
				F6E363A875DDF7C42980A40F /* Frameworks */,
				79709A7C2871203881749358 /* Pods */,
			);
			sourceTree = "<group>";
		};
		B2BC6096219DACF9002C24D3 /* Products */ = {
			isa = PBXGroup;
			children = (
				B2BC6095219DACF9002C24D3 /* CometChatPro-swift-sampleApp.app */,
			);
			name = Products;
			sourceTree = "<group>";
		};
		F6E363A875DDF7C42980A40F /* Frameworks */ = {
			isa = PBXGroup;
			children = (
				588950B92221A5DB007D2CBF /* ImageIO.framework */,
				8C772843A75386E47A0EFF22 /* libPods-CometChatPro-swift-sampleApp.a */,
			);
			name = Frameworks;
			sourceTree = "<group>";
		};
/* End PBXGroup section */

/* Begin PBXNativeTarget section */
		B2BC6094219DACF9002C24D3 /* CometChatPro-swift-sampleApp */ = {
			isa = PBXNativeTarget;
			buildConfigurationList = B2BC60A7219DACFA002C24D3 /* Build configuration list for PBXNativeTarget "CometChatPro-swift-sampleApp" */;
			buildPhases = (
				3AAB0E63128885F726BBD0B4 /* [CP] Check Pods Manifest.lock */,
				B2BC6091219DACF9002C24D3 /* Sources */,
				B2BC6092219DACF9002C24D3 /* Frameworks */,
				B2BC6093219DACF9002C24D3 /* Resources */,
				B28990F021BAC96F002C885E /* Embed Frameworks */,
				A263FE78F816CBDC12261AFB /* [CP] Embed Pods Frameworks */,
			);
			buildRules = (
			);
			dependencies = (
			);
			name = "CometChatPro-swift-sampleApp";
			productName = CometChatUI;
			productReference = B2BC6095219DACF9002C24D3 /* CometChatPro-swift-sampleApp.app */;
			productType = "com.apple.product-type.application";
		};
/* End PBXNativeTarget section */

/* Begin PBXProject section */
		B2BC608D219DACF9002C24D3 /* Project object */ = {
			isa = PBXProject;
			attributes = {
				LastSwiftUpdateCheck = 0940;
				LastUpgradeCheck = 0940;
				ORGANIZATIONNAME = Admin1;
				TargetAttributes = {
					B2BC6094219DACF9002C24D3 = {
						CreatedOnToolsVersion = 9.4.1;
						SystemCapabilities = {
							com.apple.BackgroundModes = {
								enabled = 1;
							};
							com.apple.Keychain = {
								enabled = 1;
							};
							com.apple.Push = {
								enabled = 1;
							};
							com.apple.iCloud = {
								enabled = 1;
							};
						};
					};
				};
			};
			buildConfigurationList = B2BC6090219DACF9002C24D3 /* Build configuration list for PBXProject "CometChatPro-swift-sampleApp" */;
			compatibilityVersion = "Xcode 9.3";
			developmentRegion = en;
			hasScannedForEncodings = 0;
			knownRegions = (
				en,
				Base,
			);
			mainGroup = B2BC608C219DACF9002C24D3;
			productRefGroup = B2BC6096219DACF9002C24D3 /* Products */;
			projectDirPath = "";
			projectRoot = "";
			targets = (
				B2BC6094219DACF9002C24D3 /* CometChatPro-swift-sampleApp */,
			);
		};
/* End PBXProject section */

/* Begin PBXResourcesBuildPhase section */
		B2BC6093219DACF9002C24D3 /* Resources */ = {
			isa = PBXResourcesBuildPhase;
			buildActionMask = 2147483647;
			files = (
				B22301C421D26B8000483CC7 /* Product Sans Regular.ttf in Resources */,
				B2E1101E2226CA1C00FFF7BD /* GoogleService-Info.plist in Resources */,
				B22301C521D26B8300483CC7 /* Product Sans Bold.ttf in Resources */,
				589124D321B2AC6C003500B5 /* Main.storyboard in Resources */,
				B2FB0F0C21EC880C00CEDD4A /* CometChat-info.plist in Resources */,
				A8296FB52202F68300D7010C /* Assets.xcassets in Resources */,
				B28A325F222FB3EA00D3FC54 /* ChatActionMessageCell.xib in Resources */,
				582FB5752223D17B0051E365 /* ChatFileMessageCell.xib in Resources */,
				589124D221B2AC6C003500B5 /* LaunchScreen.storyboard in Resources */,
				B22301C721D271EF00483CC7 /* Product Sans Italic.ttf in Resources */,
			);
			runOnlyForDeploymentPostprocessing = 0;
		};
/* End PBXResourcesBuildPhase section */

/* Begin PBXShellScriptBuildPhase section */
		3AAB0E63128885F726BBD0B4 /* [CP] Check Pods Manifest.lock */ = {
			isa = PBXShellScriptBuildPhase;
			buildActionMask = 2147483647;
			files = (
			);
			inputFileListPaths = (
			);
			inputPaths = (
				"${PODS_PODFILE_DIR_PATH}/Podfile.lock",
				"${PODS_ROOT}/Manifest.lock",
			);
			name = "[CP] Check Pods Manifest.lock";
			outputFileListPaths = (
			);
			outputPaths = (
				"$(DERIVED_FILE_DIR)/Pods-CometChatPro-swift-sampleApp-checkManifestLockResult.txt",
			);
			runOnlyForDeploymentPostprocessing = 0;
			shellPath = /bin/sh;
			shellScript = "diff \"${PODS_PODFILE_DIR_PATH}/Podfile.lock\" \"${PODS_ROOT}/Manifest.lock\" > /dev/null\nif [ $? != 0 ] ; then\n    # print error to STDERR\n    echo \"error: The sandbox is not in sync with the Podfile.lock. Run 'pod install' or update your CocoaPods installation.\" >&2\n    exit 1\nfi\n# This output is used by Xcode 'outputs' to avoid re-running this script phase.\necho \"SUCCESS\" > \"${SCRIPT_OUTPUT_FILE_0}\"\n";
			showEnvVarsInLog = 0;
		};
		A263FE78F816CBDC12261AFB /* [CP] Embed Pods Frameworks */ = {
			isa = PBXShellScriptBuildPhase;
			buildActionMask = 2147483647;
			files = (
			);
			inputFileListPaths = (
			);
			inputPaths = (
				"${PODS_ROOT}/Target Support Files/Pods-CometChatPro-swift-sampleApp/Pods-CometChatPro-swift-sampleApp-frameworks.sh",
				"${PODS_ROOT}/CometChatPro_Swift4.2/CometChatPro.framework",
				"${PODS_ROOT}/JitsiMeetSDK/jitsi-meet-ios-sdk-releases-2.0.0/Frameworks/JitsiMeet.framework",
				"${PODS_ROOT}/JitsiMeetSDK/jitsi-meet-ios-sdk-releases-2.0.0/Frameworks/WebRTC.framework",
			);
			name = "[CP] Embed Pods Frameworks";
			outputFileListPaths = (
			);
			outputPaths = (
				"${TARGET_BUILD_DIR}/${FRAMEWORKS_FOLDER_PATH}/CometChatPro.framework",
				"${TARGET_BUILD_DIR}/${FRAMEWORKS_FOLDER_PATH}/JitsiMeet.framework",
				"${TARGET_BUILD_DIR}/${FRAMEWORKS_FOLDER_PATH}/WebRTC.framework",
			);
			runOnlyForDeploymentPostprocessing = 0;
			shellPath = /bin/sh;
			shellScript = "\"${PODS_ROOT}/Target Support Files/Pods-CometChatPro-swift-sampleApp/Pods-CometChatPro-swift-sampleApp-frameworks.sh\"\n";
			showEnvVarsInLog = 0;
		};
/* End PBXShellScriptBuildPhase section */

/* Begin PBXSourcesBuildPhase section */
		B2BC6091219DACF9002C24D3 /* Sources */ = {
			isa = PBXSourcesBuildPhase;
			buildActionMask = 2147483647;
			files = (
				589124C921B2AC6C003500B5 /* ContactsNavigationController.swift in Sources */,
				B291CDC7221EC2AA00462FAC /* ChatVideoMessageCell.swift in Sources */,
				589124C121B2AC6C003500B5 /* CustomLaunchViewController.swift in Sources */,
				589124D021B2AC6C003500B5 /* CCExtensions.swift in Sources */,
				589124CC21B2AC6C003500B5 /* AppDelegate.swift in Sources */,
				B28A325E222FB3EA00D3FC54 /* ChatActionMessageCell.swift in Sources */,
				B22301C121D1FCEC00483CC7 /* UIAppearance.swift in Sources */,
				589124C021B2AC6C003500B5 /* LoginViewController.swift in Sources */,
				589124CF21B2AC6C003500B5 /* CCActivityIndicator.swift in Sources */,
				5889505822219F96007D2CBF /* ImageCacheLoader.swift in Sources */,
				589124BE21B2AC6C003500B5 /* StartUpViewController.swift in Sources */,
				589124C221B2AC6C003500B5 /* GroupListViewController.swift in Sources */,
				589124C421B2AC6C003500B5 /* GroupTableViewCell.swift in Sources */,
				589124BF21B2AC6C003500B5 /* CCTabbar.swift in Sources */,
				58C1D1AE21BBF0D800B64915 /* UserProfileViewCell.swift in Sources */,
				589124BB21B2AC6C003500B5 /* RecentNavigationController.swift in Sources */,
				589124C621B2AC6C003500B5 /* EmbeddedViewController.swift in Sources */,
				71ADB0ED21D41217002443A7 /* ChatTextMessageCell.swift in Sources */,
				589124C721B2AC6C003500B5 /* OneOnOneTableViewCell.swift in Sources */,
				589124CA21B2AC6C003500B5 /* CCTabBarController.swift in Sources */,
				A83BD0E122071F4500034D54 /* ViewMemberTableViewCell.swift in Sources */,
				589124CD21B2AC6C003500B5 /* CCBottomSlideController.swift in Sources */,
				589124CB21B2AC6C003500B5 /* CCprofileAvtarViewController.swift in Sources */,
				589124C521B2AC6C003500B5 /* GroupNavigationController.swift in Sources */,
				B23F83A4223BE4B2003978B3 /* PopOverController.swift in Sources */,
				589124BD21B2AC6C003500B5 /* RecentListViewController.swift in Sources */,
				589124BC21B2AC6C003500B5 /* RecentTableViewCell.swift in Sources */,
				B270B7102200B0F600A2B3F3 /* Toast.swift in Sources */,
				582FB5742223D17B0051E365 /* ChatFileMessageCell.swift in Sources */,
				B2CD3E8F224A255700135D4F /* AMShimmer.swift in Sources */,
				A83BD0E522071FBB00034D54 /* ViewMemberViewController.swift in Sources */,
				B28B1A7E221AC4B000F5FD4C /* NavigationViewController.swift in Sources */,
				B28B1A7C221ABFBE00F5FD4C /* UIWindow.swift in Sources */,
				B291CDC5221EC2A300462FAC /* ChatImageMessageCell.swift in Sources */,
				B270B7102200B0F600A2B3F3 /* Toast.swift in Sources */,
				58C1D1AC21BBDCF900B64915 /* UserProfileViewController.swift in Sources */,
				589124C821B2AC6C003500B5 /* OneOnOneListViewController.swift in Sources */,
				589124BA21B2AC6C003500B5 /* MoreSettingsViewController.swift in Sources */,
				589124DB21B3B2FD003500B5 /* OneOnOneChatViewController.swift in Sources */,
				B2BB032721DF374500B2479D /* MoreSettingTableViewCell.swift in Sources */,
				589124C321B2AC6C003500B5 /* CreateGroupcontroller.swift in Sources */,
				B260F1E7224CCA9D00CDCDBA /* CometChatLog.swift in Sources */,
				B2753A3521DD0554004D895F /* CallingViewController.swift in Sources */,
			);
			runOnlyForDeploymentPostprocessing = 0;
		};
/* End PBXSourcesBuildPhase section */

/* Begin PBXVariantGroup section */
		589124B521B2AC6C003500B5 /* LaunchScreen.storyboard */ = {
			isa = PBXVariantGroup;
			children = (
				589124B621B2AC6C003500B5 /* Base */,
			);
			name = LaunchScreen.storyboard;
			sourceTree = "<group>";
		};
		589124B721B2AC6C003500B5 /* Main.storyboard */ = {
			isa = PBXVariantGroup;
			children = (
				589124B821B2AC6C003500B5 /* Base */,
			);
			name = Main.storyboard;
			sourceTree = "<group>";
		};
/* End PBXVariantGroup section */

/* Begin XCBuildConfiguration section */
		B2BC60A5219DACFA002C24D3 /* Debug */ = {
			isa = XCBuildConfiguration;
			buildSettings = {
				ALWAYS_SEARCH_USER_PATHS = NO;
				CLANG_ANALYZER_NONNULL = YES;
				CLANG_ANALYZER_NUMBER_OBJECT_CONVERSION = YES_AGGRESSIVE;
				CLANG_CXX_LANGUAGE_STANDARD = "gnu++14";
				CLANG_CXX_LIBRARY = "libc++";
				CLANG_ENABLE_MODULES = YES;
				CLANG_ENABLE_OBJC_ARC = YES;
				CLANG_ENABLE_OBJC_WEAK = YES;
				CLANG_WARN_BLOCK_CAPTURE_AUTORELEASING = YES;
				CLANG_WARN_BOOL_CONVERSION = YES;
				CLANG_WARN_COMMA = YES;
				CLANG_WARN_CONSTANT_CONVERSION = YES;
				CLANG_WARN_DEPRECATED_OBJC_IMPLEMENTATIONS = YES;
				CLANG_WARN_DIRECT_OBJC_ISA_USAGE = YES_ERROR;
				CLANG_WARN_DOCUMENTATION_COMMENTS = YES;
				CLANG_WARN_EMPTY_BODY = YES;
				CLANG_WARN_ENUM_CONVERSION = YES;
				CLANG_WARN_INFINITE_RECURSION = YES;
				CLANG_WARN_INT_CONVERSION = YES;
				CLANG_WARN_NON_LITERAL_NULL_CONVERSION = YES;
				CLANG_WARN_OBJC_IMPLICIT_RETAIN_SELF = YES;
				CLANG_WARN_OBJC_LITERAL_CONVERSION = YES;
				CLANG_WARN_OBJC_ROOT_CLASS = YES_ERROR;
				CLANG_WARN_RANGE_LOOP_ANALYSIS = YES;
				CLANG_WARN_STRICT_PROTOTYPES = YES;
				CLANG_WARN_SUSPICIOUS_MOVE = YES;
				CLANG_WARN_UNGUARDED_AVAILABILITY = YES_AGGRESSIVE;
				CLANG_WARN_UNREACHABLE_CODE = YES;
				CLANG_WARN__DUPLICATE_METHOD_MATCH = YES;
				CODE_SIGN_IDENTITY = "iPhone Developer";
				COPY_PHASE_STRIP = NO;
				DEBUG_INFORMATION_FORMAT = dwarf;
				ENABLE_STRICT_OBJC_MSGSEND = YES;
				ENABLE_TESTABILITY = YES;
				GCC_C_LANGUAGE_STANDARD = gnu11;
				GCC_DYNAMIC_NO_PIC = NO;
				GCC_NO_COMMON_BLOCKS = YES;
				GCC_OPTIMIZATION_LEVEL = 0;
				GCC_PREPROCESSOR_DEFINITIONS = (
					"DEBUG=1",
					"$(inherited)",
				);
				GCC_WARN_64_TO_32_BIT_CONVERSION = YES;
				GCC_WARN_ABOUT_RETURN_TYPE = YES_ERROR;
				GCC_WARN_UNDECLARED_SELECTOR = YES;
				GCC_WARN_UNINITIALIZED_AUTOS = YES_AGGRESSIVE;
				GCC_WARN_UNUSED_FUNCTION = YES;
				GCC_WARN_UNUSED_VARIABLE = YES;
				HEADER_SEARCH_PATHS = $SDKROOT/usr/include/libxml2;
				IPHONEOS_DEPLOYMENT_TARGET = 11.4;
				MTL_ENABLE_DEBUG_INFO = YES;
				ONLY_ACTIVE_ARCH = YES;
				SDKROOT = iphoneos;
				SWIFT_ACTIVE_COMPILATION_CONDITIONS = DEBUG;
				SWIFT_OPTIMIZATION_LEVEL = "-Onone";
			};
			name = Debug;
		};
		B2BC60A6219DACFA002C24D3 /* Release */ = {
			isa = XCBuildConfiguration;
			buildSettings = {
				ALWAYS_SEARCH_USER_PATHS = NO;
				CLANG_ANALYZER_NONNULL = YES;
				CLANG_ANALYZER_NUMBER_OBJECT_CONVERSION = YES_AGGRESSIVE;
				CLANG_CXX_LANGUAGE_STANDARD = "gnu++14";
				CLANG_CXX_LIBRARY = "libc++";
				CLANG_ENABLE_MODULES = YES;
				CLANG_ENABLE_OBJC_ARC = YES;
				CLANG_ENABLE_OBJC_WEAK = YES;
				CLANG_WARN_BLOCK_CAPTURE_AUTORELEASING = YES;
				CLANG_WARN_BOOL_CONVERSION = YES;
				CLANG_WARN_COMMA = YES;
				CLANG_WARN_CONSTANT_CONVERSION = YES;
				CLANG_WARN_DEPRECATED_OBJC_IMPLEMENTATIONS = YES;
				CLANG_WARN_DIRECT_OBJC_ISA_USAGE = YES_ERROR;
				CLANG_WARN_DOCUMENTATION_COMMENTS = YES;
				CLANG_WARN_EMPTY_BODY = YES;
				CLANG_WARN_ENUM_CONVERSION = YES;
				CLANG_WARN_INFINITE_RECURSION = YES;
				CLANG_WARN_INT_CONVERSION = YES;
				CLANG_WARN_NON_LITERAL_NULL_CONVERSION = YES;
				CLANG_WARN_OBJC_IMPLICIT_RETAIN_SELF = YES;
				CLANG_WARN_OBJC_LITERAL_CONVERSION = YES;
				CLANG_WARN_OBJC_ROOT_CLASS = YES_ERROR;
				CLANG_WARN_RANGE_LOOP_ANALYSIS = YES;
				CLANG_WARN_STRICT_PROTOTYPES = YES;
				CLANG_WARN_SUSPICIOUS_MOVE = YES;
				CLANG_WARN_UNGUARDED_AVAILABILITY = YES_AGGRESSIVE;
				CLANG_WARN_UNREACHABLE_CODE = YES;
				CLANG_WARN__DUPLICATE_METHOD_MATCH = YES;
				CODE_SIGN_IDENTITY = "iPhone Developer";
				COPY_PHASE_STRIP = NO;
				DEBUG_INFORMATION_FORMAT = "dwarf-with-dsym";
				ENABLE_NS_ASSERTIONS = NO;
				ENABLE_STRICT_OBJC_MSGSEND = YES;
				GCC_C_LANGUAGE_STANDARD = gnu11;
				GCC_NO_COMMON_BLOCKS = YES;
				GCC_WARN_64_TO_32_BIT_CONVERSION = YES;
				GCC_WARN_ABOUT_RETURN_TYPE = YES_ERROR;
				GCC_WARN_UNDECLARED_SELECTOR = YES;
				GCC_WARN_UNINITIALIZED_AUTOS = YES_AGGRESSIVE;
				GCC_WARN_UNUSED_FUNCTION = YES;
				GCC_WARN_UNUSED_VARIABLE = YES;
				HEADER_SEARCH_PATHS = $SDKROOT/usr/include/libxml2;
				IPHONEOS_DEPLOYMENT_TARGET = 11.4;
				MTL_ENABLE_DEBUG_INFO = NO;
				SDKROOT = iphoneos;
				SWIFT_COMPILATION_MODE = wholemodule;
				SWIFT_OPTIMIZATION_LEVEL = "-O";
				VALIDATE_PRODUCT = YES;
			};
			name = Release;
		};
		B2BC60A8219DACFA002C24D3 /* Debug */ = {
			isa = XCBuildConfiguration;
			baseConfigurationReference = C5B9E6B9A7597EF8A6D41C02 /* Pods-CometChatPro-swift-sampleApp.debug.xcconfig */;
			buildSettings = {
				ALWAYS_EMBED_SWIFT_STANDARD_LIBRARIES = YES;
				ALWAYS_SEARCH_USER_PATHS = NO;
				ASSETCATALOG_COMPILER_APPICON_NAME = AppIcon;
				CODE_SIGN_ENTITLEMENTS = "CometChatPro-swift-sampleApp/CometChatPro-swift-sampleApp.entitlements";
				CODE_SIGN_IDENTITY = "iPhone Developer";
				CODE_SIGN_STYLE = Automatic;
				DEVELOPMENT_TEAM = K456T8RD7Z;
				ENABLE_BITCODE = NO;
				FRAMEWORK_SEARCH_PATHS = (
					"$(inherited)",
					"$(PROJECT_DIR)",
					"$(PROJECT_DIR)/CometChatSDK.framework/Frameworks",
					"$(PROJECT_DIR)/CometChatPulse-swift-sampleApp",
					"$(PROJECT_DIR)/CometChatPro-swift-sampleApp",
					"$(PROJECT_DIR)/CometChatPro-swift-sampleApp/Extensions",
				);
				INFOPLIST_FILE = "$(SRCROOT)/Info.plist";
				IPHONEOS_DEPLOYMENT_TARGET = 10.2;
				LD_RUNPATH_SEARCH_PATHS = (
					"$(inherited)",
					"@executable_path/Frameworks",
				);
				OTHER_LDFLAGS = (
					"-ObjC",
					"$(inherited)",
				);
				PRODUCT_BUNDLE_IDENTIFIER = com.inscripts.comatchat.dev2;
				PRODUCT_NAME = "$(TARGET_NAME)";
				PROVISIONING_PROFILE_SPECIFIER = "";
				SWIFT_OBJC_BRIDGING_HEADER = "CometChatPro-swift-sampleApp/Resources/CometChatPro-Bridging-Header.h";
				SWIFT_VERSION = 4.0;
				TARGETED_DEVICE_FAMILY = "1,2";
			};
			name = Debug;
		};
		B2BC60A9219DACFA002C24D3 /* Release */ = {
			isa = XCBuildConfiguration;
			baseConfigurationReference = 41608623357BC812271BA9CF /* Pods-CometChatPro-swift-sampleApp.release.xcconfig */;
			buildSettings = {
				ALWAYS_EMBED_SWIFT_STANDARD_LIBRARIES = YES;
				ALWAYS_SEARCH_USER_PATHS = NO;
				ASSETCATALOG_COMPILER_APPICON_NAME = AppIcon;
				CODE_SIGN_ENTITLEMENTS = "CometChatPro-swift-sampleApp/CometChatPro-swift-sampleApp.entitlements";
				CODE_SIGN_IDENTITY = "iPhone Developer";
				CODE_SIGN_STYLE = Automatic;
				DEVELOPMENT_TEAM = K456T8RD7Z;
				ENABLE_BITCODE = NO;
				FRAMEWORK_SEARCH_PATHS = (
					"$(inherited)",
					"$(PROJECT_DIR)",
					"$(PROJECT_DIR)/CometChatSDK.framework/Frameworks",
					"$(PROJECT_DIR)/CometChatPulse-swift-sampleApp",
					"$(PROJECT_DIR)/CometChatPro-swift-sampleApp",
					"$(PROJECT_DIR)/CometChatPro-swift-sampleApp/Extensions",
				);
				INFOPLIST_FILE = "$(SRCROOT)/Info.plist";
				IPHONEOS_DEPLOYMENT_TARGET = 10.2;
				LD_RUNPATH_SEARCH_PATHS = (
					"$(inherited)",
					"@executable_path/Frameworks",
				);
				OTHER_LDFLAGS = (
					"-ObjC",
					"$(inherited)",
				);
				PRODUCT_BUNDLE_IDENTIFIER = com.inscripts.comatchat.dev2;
				PRODUCT_NAME = "$(TARGET_NAME)";
				PROVISIONING_PROFILE_SPECIFIER = "";
				SWIFT_OBJC_BRIDGING_HEADER = "CometChatPro-swift-sampleApp/Resources/CometChatPro-Bridging-Header.h";
				SWIFT_VERSION = 4.0;
				TARGETED_DEVICE_FAMILY = "1,2";
			};
			name = Release;
		};
/* End XCBuildConfiguration section */

/* Begin XCConfigurationList section */
		B2BC6090219DACF9002C24D3 /* Build configuration list for PBXProject "CometChatPro-swift-sampleApp" */ = {
			isa = XCConfigurationList;
			buildConfigurations = (
				B2BC60A5219DACFA002C24D3 /* Debug */,
				B2BC60A6219DACFA002C24D3 /* Release */,
			);
			defaultConfigurationIsVisible = 0;
			defaultConfigurationName = Release;
		};
		B2BC60A7219DACFA002C24D3 /* Build configuration list for PBXNativeTarget "CometChatPro-swift-sampleApp" */ = {
			isa = XCConfigurationList;
			buildConfigurations = (
				B2BC60A8219DACFA002C24D3 /* Debug */,
				B2BC60A9219DACFA002C24D3 /* Release */,
			);
			defaultConfigurationIsVisible = 0;
			defaultConfigurationName = Release;
		};
/* End XCConfigurationList section */
	};
	rootObject = B2BC608D219DACF9002C24D3 /* Project object */;
}
