PODS:
  - CometChatPro (1.7.0)
  - SDWebImage (4.4.6):
    - SDWebImage/Core (= 4.4.6)
  - SDWebImage/Core (4.4.6)

DEPENDENCIES:
  - CometChatPro (~> 1.7.0)
  - SDWebImage (~> 4.0)

SPEC REPOS:
  https://github.com/cocoapods/specs.git:
    - CometChatPro
    - SDWebImage

SPEC CHECKSUMS:
  CometChatPro: 2be4c831ba609dc192098fc87d892d9cf031a1c8
  SDWebImage: 3f3f0c02f09798048c47a5ed0a13f17b063572d8

PODFILE CHECKSUM: 8f353bd98da64729792e184dd4845644fa915a61

COCOAPODS: 1.6.1
