PODS:
  - CometChatPro (1.1.1):
    - JitsiMeetSDK
  - JitsiMeetSDK (1.21.2)

DEPENDENCIES:
  - CometChatPro

SPEC REPOS:
  https://github.com/cocoapods/specs.git:
    - CometChatPro
    - JitsiMeetSDK

SPEC CHECKSUMS:
  CometChatPro: e70fc6d701401b3b73987fdc1248486276dc02fc
  JitsiMeetSDK: 0f8e9dec4012f38d14015363a3ec17260cf273f6

PODFILE CHECKSUM: b220a35987e37230a381deee927b054ad03bfaf0

COCOAPODS: 1.6.0.beta.2
