PODS:
  - CometChatPro (1.8.7)
  - SDWebImage (4.4.6):
    - SDWebImage/Core (= 4.4.6)
  - SDWebImage/Core (4.4.6)

DEPENDENCIES:
  - CometChatPro (~> 1.8.7)
  - SDWebImage (~> 4.0)

SPEC REPOS:
  https://github.com/cocoapods/specs.git:
    - CometChatPro
    - SDWebImage

SPEC CHECKSUMS:
  CometChatPro: 88751966bbc131f422d592d4be3f853780482662
  SDWebImage: 3f3f0c02f09798048c47a5ed0a13f17b063572d8

PODFILE CHECKSUM: 5a97b351c0d7120f5d4bd1654485ffc0db7e5e66

COCOAPODS: 1.6.1
