{
  "pins" : [
    {
      "identity" : "ios-calls-sdk",
      "kind" : "remoteSourceControl",
      "location" : "https://github.com/cometchat-pro/ios-calls-sdk.git",
      "state" : {
        "revision" : "d6159e22672f3cf90777d2d285c85485c5ff3e3b",
        "version" : "4.0.0"
      }
    },
    {
      "identity" : "ios-chat-sdk",
      "kind" : "remoteSourceControl",
      "location" : "https://github.com/cometchat-pro/ios-chat-sdk.git",
      "state" : {
        "revision" : "c118bf357dea574ee399808cc0d5526833f06fd8",
        "version" : "4.0.2"
      }
    },
    {
      "identity" : "ios-swift-chat-ui-kit",
      "kind" : "remoteSourceControl",
      "location" : "https://github.com/cometchat-pro/ios-swift-chat-ui-kit.git",
      "state" : {
        "revision" : "2d5b62539e2ff195e91cff32227bb8221f63160b",
        "version" : "4.0.1"
      }
    }
  ],
  "version" : 2
}
